
Microsoft Visual Studio Solution File, Format Version 12.00
# Visual Studio Version 17
VisualStudioVersion = 17.13.35825.156 d17.13
MinimumVisualStudioVersion = 10.0.40219.1
Project("{FAE04EC0-301F-11D3-BF4B-00C04F79EFBC}") = "Sistem_Manajemen_Karyawan", "Sistem_Manajemen_Karyawan\Sistem_Manajemen_Karyawan.csproj", "{F929D1E3-73A9-473A-9CF0-372F7C38FEAC}"
EndProject
Global
	GlobalSection(SolutionConfigurationPlatforms) = preSolution
		Debug|Any CPU = Debug|Any CPU
		Release|Any CPU = Release|Any CPU
	EndGlobalSection
	GlobalSection(ProjectConfigurationPlatforms) = postSolution
		{F929D1E3-73A9-473A-9CF0-372F7C38FEAC}.Debug|Any CPU.ActiveCfg = Debug|Any CPU
		{F929D1E3-73A9-473A-9CF0-372F7C38FEAC}.Debug|Any CPU.Build.0 = Debug|Any CPU
		{F929D1E3-73A9-473A-9CF0-372F7C38FEAC}.Release|Any CPU.ActiveCfg = Release|Any CPU
		{F929D1E3-73A9-473A-9CF0-372F7C38FEAC}.Release|Any CPU.Build.0 = Release|Any CPU
	EndGlobalSection
	GlobalSection(SolutionProperties) = preSolution
		HideSolutionNode = FALSE
	EndGlobalSection
	GlobalSection(ExtensibilityGlobals) = postSolution
		SolutionGuid = {5E670CDD-1CFC-4B52-A089-841041DC2E44}
	EndGlobalSection
EndGlobal
