
Microsoft Visual Studio Solution File, Format Version 12.00
# Visual Studio Version 17
VisualStudioVersion = 17.13.35825.156 d17.13
MinimumVisualStudioVersion = 10.0.40219.1
Project("{FAE04EC0-301F-11D3-BF4B-00C04F79EFBC}") = "PBO_UTS", "PBO_UTS\PBO_UTS.csproj", "{6F99F9E1-2C20-4943-9EB4-E13D79B3BEBB}"
EndProject
Global
	GlobalSection(SolutionConfigurationPlatforms) = preSolution
		Debug|Any CPU = Debug|Any CPU
		Release|Any CPU = Release|Any CPU
	EndGlobalSection
	GlobalSection(ProjectConfigurationPlatforms) = postSolution
		{6F99F9E1-2C20-4943-9EB4-E13D79B3BEBB}.Debug|Any CPU.ActiveCfg = Debug|Any CPU
		{6F99F9E1-2C20-4943-9EB4-E13D79B3BEBB}.Debug|Any CPU.Build.0 = Debug|Any CPU
		{6F99F9E1-2C20-4943-9EB4-E13D79B3BEBB}.Release|Any CPU.ActiveCfg = Release|Any CPU
		{6F99F9E1-2C20-4943-9EB4-E13D79B3BEBB}.Release|Any CPU.Build.0 = Release|Any CPU
	EndGlobalSection
	GlobalSection(SolutionProperties) = preSolution
		HideSolutionNode = FALSE
	EndGlobalSection
	GlobalSection(ExtensibilityGlobals) = postSolution
		SolutionGuid = {8FD733F5-65D2-4033-9402-B9D856167395}
	EndGlobalSection
EndGlobal
